
Microsoft Visual Studio Solution File, Format Version 12.00
# Visual Studio Version 17
VisualStudioVersion = 17.14.36401.2 d17.14
MinimumVisualStudioVersion = 10.0.40219.1
Project("{FAE04EC0-301F-11D3-BF4B-00C04F79EFBC}") = "Calculadora.net", "Calculadora.net.csproj", "{A463336D-15CC-432E-977B-CB4D7BCBF6AB}"
EndProject
Global
	GlobalSection(SolutionConfigurationPlatforms) = preSolution
		Debug|Any CPU = Debug|Any CPU
		Release|Any CPU = Release|Any CPU
	EndGlobalSection
	GlobalSection(ProjectConfigurationPlatforms) = postSolution
		{A463336D-15CC-432E-977B-CB4D7BCBF6AB}.Debug|Any CPU.ActiveCfg = Debug|Any CPU
		{A463336D-15CC-432E-977B-CB4D7BCBF6AB}.Debug|Any CPU.Build.0 = Debug|Any CPU
		{A463336D-15CC-432E-977B-CB4D7BCBF6AB}.Release|Any CPU.ActiveCfg = Release|Any CPU
		{A463336D-15CC-432E-977B-CB4D7BCBF6AB}.Release|Any CPU.Build.0 = Release|Any CPU
	EndGlobalSection
	GlobalSection(SolutionProperties) = preSolution
		HideSolutionNode = FALSE
	EndGlobalSection
	GlobalSection(ExtensibilityGlobals) = postSolution
		SolutionGuid = {107C9C17-3FF9-4AC2-986A-5383F103861D}
	EndGlobalSection
EndGlobal
